
Microsoft Visual Studio Solution File, Format Version 12.00
# Visual Studio 15
VisualStudioVersion = 15.0.28307.779
MinimumVisualStudioVersion = 10.0.40219.1
Project("{FAE04EC0-301F-11D3-BF4B-00C04F79EFBC}") = "ExaminingCSharp", "ExaminingCSharp\ExaminingCSharp.csproj", "{48486D3D-4A7F-4FA7-9623-23F878F13377}"
EndProject
Project("{FAE04EC0-301F-11D3-BF4B-00C04F79EFBC}") = "ExaminingCSharp.Lib", "ExaminingCSharp.Lib\ExaminingCSharp.Lib.csproj", "{B8D2C71E-B375-4CE7-A778-5DE4B1936267}"
EndProject
Global
	GlobalSection(SolutionConfigurationPlatforms) = preSolution
		Debug|Any CPU = Debug|Any CPU
		Release|Any CPU = Release|Any CPU
	EndGlobalSection
	GlobalSection(ProjectConfigurationPlatforms) = postSolution
		{48486D3D-4A7F-4FA7-9623-23F878F13377}.Debug|Any CPU.ActiveCfg = Debug|Any CPU
		{48486D3D-4A7F-4FA7-9623-23F878F13377}.Debug|Any CPU.Build.0 = Debug|Any CPU
		{48486D3D-4A7F-4FA7-9623-23F878F13377}.Release|Any CPU.ActiveCfg = Release|Any CPU
		{48486D3D-4A7F-4FA7-9623-23F878F13377}.Release|Any CPU.Build.0 = Release|Any CPU
		{B8D2C71E-B375-4CE7-A778-5DE4B1936267}.Debug|Any CPU.ActiveCfg = Debug|Any CPU
		{B8D2C71E-B375-4CE7-A778-5DE4B1936267}.Debug|Any CPU.Build.0 = Debug|Any CPU
		{B8D2C71E-B375-4CE7-A778-5DE4B1936267}.Release|Any CPU.ActiveCfg = Release|Any CPU
		{B8D2C71E-B375-4CE7-A778-5DE4B1936267}.Release|Any CPU.Build.0 = Release|Any CPU
	EndGlobalSection
	GlobalSection(SolutionProperties) = preSolution
		HideSolutionNode = FALSE
	EndGlobalSection
	GlobalSection(ExtensibilityGlobals) = postSolution
		SolutionGuid = {1084322A-72F9-4C0E-949A-A64F1802E05F}
	EndGlobalSection
EndGlobal
