
Microsoft Visual Studio Solution File, Format Version 12.00
# Visual Studio Version 16
VisualStudioVersion = 16.0.30114.105
MinimumVisualStudioVersion = 10.0.40219.1
Project("{2150E333-8FDC-42A3-9474-1A3956D46DE8}") = "ExaminingCSharp", "ExaminingCSharp", "{1DF03A08-781C-404A-865D-B39720F4FE35}"
EndProject
Project("{FAE04EC0-301F-11D3-BF4B-00C04F79EFBC}") = "ExaminingCSharp", "ExaminingCSharp\ExaminingCSharp\ExaminingCSharp.csproj", "{2CBF6268-392A-43D1-BFCD-03198E6BADD8}"
EndProject
Project("{FAE04EC0-301F-11D3-BF4B-00C04F79EFBC}") = "ExaminingCSharp.Lib", "ExaminingCSharp\ExaminingCSharp.Lib\ExaminingCSharp.Lib.csproj", "{4FF2CBFD-30DC-4080-8A14-BFD9F5E2A26E}"
EndProject
Global
	GlobalSection(SolutionConfigurationPlatforms) = preSolution
		Debug|Any CPU = Debug|Any CPU
		Debug|x64 = Debug|x64
		Debug|x86 = Debug|x86
		Release|Any CPU = Release|Any CPU
		Release|x64 = Release|x64
		Release|x86 = Release|x86
	EndGlobalSection
	GlobalSection(SolutionProperties) = preSolution
		HideSolutionNode = FALSE
	EndGlobalSection
	GlobalSection(ProjectConfigurationPlatforms) = postSolution
		{2CBF6268-392A-43D1-BFCD-03198E6BADD8}.Debug|Any CPU.ActiveCfg = Debug|Any CPU
		{2CBF6268-392A-43D1-BFCD-03198E6BADD8}.Debug|Any CPU.Build.0 = Debug|Any CPU
		{2CBF6268-392A-43D1-BFCD-03198E6BADD8}.Debug|x64.ActiveCfg = Debug|Any CPU
		{2CBF6268-392A-43D1-BFCD-03198E6BADD8}.Debug|x64.Build.0 = Debug|Any CPU
		{2CBF6268-392A-43D1-BFCD-03198E6BADD8}.Debug|x86.ActiveCfg = Debug|Any CPU
		{2CBF6268-392A-43D1-BFCD-03198E6BADD8}.Debug|x86.Build.0 = Debug|Any CPU
		{2CBF6268-392A-43D1-BFCD-03198E6BADD8}.Release|Any CPU.ActiveCfg = Release|Any CPU
		{2CBF6268-392A-43D1-BFCD-03198E6BADD8}.Release|Any CPU.Build.0 = Release|Any CPU
		{2CBF6268-392A-43D1-BFCD-03198E6BADD8}.Release|x64.ActiveCfg = Release|Any CPU
		{2CBF6268-392A-43D1-BFCD-03198E6BADD8}.Release|x64.Build.0 = Release|Any CPU
		{2CBF6268-392A-43D1-BFCD-03198E6BADD8}.Release|x86.ActiveCfg = Release|Any CPU
		{2CBF6268-392A-43D1-BFCD-03198E6BADD8}.Release|x86.Build.0 = Release|Any CPU
		{4FF2CBFD-30DC-4080-8A14-BFD9F5E2A26E}.Debug|Any CPU.ActiveCfg = Debug|Any CPU
		{4FF2CBFD-30DC-4080-8A14-BFD9F5E2A26E}.Debug|Any CPU.Build.0 = Debug|Any CPU
		{4FF2CBFD-30DC-4080-8A14-BFD9F5E2A26E}.Debug|x64.ActiveCfg = Debug|Any CPU
		{4FF2CBFD-30DC-4080-8A14-BFD9F5E2A26E}.Debug|x64.Build.0 = Debug|Any CPU
		{4FF2CBFD-30DC-4080-8A14-BFD9F5E2A26E}.Debug|x86.ActiveCfg = Debug|Any CPU
		{4FF2CBFD-30DC-4080-8A14-BFD9F5E2A26E}.Debug|x86.Build.0 = Debug|Any CPU
		{4FF2CBFD-30DC-4080-8A14-BFD9F5E2A26E}.Release|Any CPU.ActiveCfg = Release|Any CPU
		{4FF2CBFD-30DC-4080-8A14-BFD9F5E2A26E}.Release|Any CPU.Build.0 = Release|Any CPU
		{4FF2CBFD-30DC-4080-8A14-BFD9F5E2A26E}.Release|x64.ActiveCfg = Release|Any CPU
		{4FF2CBFD-30DC-4080-8A14-BFD9F5E2A26E}.Release|x64.Build.0 = Release|Any CPU
		{4FF2CBFD-30DC-4080-8A14-BFD9F5E2A26E}.Release|x86.ActiveCfg = Release|Any CPU
		{4FF2CBFD-30DC-4080-8A14-BFD9F5E2A26E}.Release|x86.Build.0 = Release|Any CPU
	EndGlobalSection
	GlobalSection(NestedProjects) = preSolution
		{2CBF6268-392A-43D1-BFCD-03198E6BADD8} = {1DF03A08-781C-404A-865D-B39720F4FE35}
		{4FF2CBFD-30DC-4080-8A14-BFD9F5E2A26E} = {1DF03A08-781C-404A-865D-B39720F4FE35}
	EndGlobalSection
EndGlobal
